
Microsoft Visual Studio Solution File, Format Version 12.00
# Visual Studio Version 16
VisualStudioVersion = 16.0.31129.286
MinimumVisualStudioVersion = 10.0.40219.1
Project("{FAE04EC0-301F-11D3-BF4B-00C04F79EFBC}") = "Chapter05 program 02", "Chapter05 program 02.csproj", "{EB56CC94-E22F-4954-8AE8-74661D41CC90}"
EndProject
Global
	GlobalSection(SolutionConfigurationPlatforms) = preSolution
		Debug|Any CPU = Debug|Any CPU
		Release|Any CPU = Release|Any CPU
	EndGlobalSection
	GlobalSection(ProjectConfigurationPlatforms) = postSolution
		{EB56CC94-E22F-4954-8AE8-74661D41CC90}.Debug|Any CPU.ActiveCfg = Debug|Any CPU
		{EB56CC94-E22F-4954-8AE8-74661D41CC90}.Debug|Any CPU.Build.0 = Debug|Any CPU
		{EB56CC94-E22F-4954-8AE8-74661D41CC90}.Release|Any CPU.ActiveCfg = Release|Any CPU
		{EB56CC94-E22F-4954-8AE8-74661D41CC90}.Release|Any CPU.Build.0 = Release|Any CPU
	EndGlobalSection
	GlobalSection(SolutionProperties) = preSolution
		HideSolutionNode = FALSE
	EndGlobalSection
	GlobalSection(ExtensibilityGlobals) = postSolution
		SolutionGuid = {0AD896E4-9F23-43DF-9364-CBC68A26F5B8}
	EndGlobalSection
EndGlobal
