
Microsoft Visual Studio Solution File, Format Version 12.00
# Visual Studio Version 16
VisualStudioVersion = 16.0.31129.286
MinimumVisualStudioVersion = 10.0.40219.1
Project("{FAE04EC0-301F-11D3-BF4B-00C04F79EFBC}") = "Chapter13ErrorLog", "Chapter13ErrorLog.csproj", "{9129C117-C480-4D68-B9FF-ED8BBB9D784D}"
EndProject
Global
	GlobalSection(SolutionConfigurationPlatforms) = preSolution
		Debug|Any CPU = Debug|Any CPU
		Release|Any CPU = Release|Any CPU
	EndGlobalSection
	GlobalSection(ProjectConfigurationPlatforms) = postSolution
		{9129C117-C480-4D68-B9FF-ED8BBB9D784D}.Debug|Any CPU.ActiveCfg = Debug|Any CPU
		{9129C117-C480-4D68-B9FF-ED8BBB9D784D}.Debug|Any CPU.Build.0 = Debug|Any CPU
		{9129C117-C480-4D68-B9FF-ED8BBB9D784D}.Release|Any CPU.ActiveCfg = Release|Any CPU
		{9129C117-C480-4D68-B9FF-ED8BBB9D784D}.Release|Any CPU.Build.0 = Release|Any CPU
	EndGlobalSection
	GlobalSection(SolutionProperties) = preSolution
		HideSolutionNode = FALSE
	EndGlobalSection
	GlobalSection(ExtensibilityGlobals) = postSolution
		SolutionGuid = {6EF8A613-7D8D-437A-9594-3487538AEB11}
	EndGlobalSection
EndGlobal
