
Microsoft Visual Studio Solution File, Format Version 12.00
# Visual Studio Version 16
VisualStudioVersion = 16.0.31129.286
MinimumVisualStudioVersion = 10.0.40219.1
Project("{FAE04EC0-301F-11D3-BF4B-00C04F79EFBC}") = "Chapter02Program01", "Chapter02Program01.csproj", "{CCD32BEF-B15C-420E-BCAE-40DAAD09DADC}"
EndProject
Global
	GlobalSection(SolutionConfigurationPlatforms) = preSolution
		Debug|Any CPU = Debug|Any CPU
		Release|Any CPU = Release|Any CPU
	EndGlobalSection
	GlobalSection(ProjectConfigurationPlatforms) = postSolution
		{CCD32BEF-B15C-420E-BCAE-40DAAD09DADC}.Debug|Any CPU.ActiveCfg = Debug|Any CPU
		{CCD32BEF-B15C-420E-BCAE-40DAAD09DADC}.Debug|Any CPU.Build.0 = Debug|Any CPU
		{CCD32BEF-B15C-420E-BCAE-40DAAD09DADC}.Release|Any CPU.ActiveCfg = Release|Any CPU
		{CCD32BEF-B15C-420E-BCAE-40DAAD09DADC}.Release|Any CPU.Build.0 = Release|Any CPU
	EndGlobalSection
	GlobalSection(SolutionProperties) = preSolution
		HideSolutionNode = FALSE
	EndGlobalSection
	GlobalSection(ExtensibilityGlobals) = postSolution
		SolutionGuid = {6833FC5E-88E9-450E-B1C0-A592DD1C16D2}
	EndGlobalSection
EndGlobal
