
Microsoft Visual Studio Solution File, Format Version 12.00
# Visual Studio Version 16
VisualStudioVersion = 16.0.31129.286
MinimumVisualStudioVersion = 10.0.40219.1
Project("{FAE04EC0-301F-11D3-BF4B-00C04F79EFBC}") = "Chapter08ProgramArrayList", "Chapter08ProgramArrayList.csproj", "{FD4DC790-7204-43D1-A708-CC427D0C63A8}"
EndProject
Global
	GlobalSection(SolutionConfigurationPlatforms) = preSolution
		Debug|Any CPU = Debug|Any CPU
		Release|Any CPU = Release|Any CPU
	EndGlobalSection
	GlobalSection(ProjectConfigurationPlatforms) = postSolution
		{FD4DC790-7204-43D1-A708-CC427D0C63A8}.Debug|Any CPU.ActiveCfg = Debug|Any CPU
		{FD4DC790-7204-43D1-A708-CC427D0C63A8}.Debug|Any CPU.Build.0 = Debug|Any CPU
		{FD4DC790-7204-43D1-A708-CC427D0C63A8}.Release|Any CPU.ActiveCfg = Release|Any CPU
		{FD4DC790-7204-43D1-A708-CC427D0C63A8}.Release|Any CPU.Build.0 = Release|Any CPU
	EndGlobalSection
	GlobalSection(SolutionProperties) = preSolution
		HideSolutionNode = FALSE
	EndGlobalSection
	GlobalSection(ExtensibilityGlobals) = postSolution
		SolutionGuid = {25881DB4-67B4-440D-86C5-189305320467}
	EndGlobalSection
EndGlobal
