
Microsoft Visual Studio Solution File, Format Version 12.00
# Visual Studio Version 16
VisualStudioVersion = 16.0.31129.286
MinimumVisualStudioVersion = 10.0.40219.1
Project("{FAE04EC0-301F-11D3-BF4B-00C04F79EFBC}") = "To do List Project", "To do List Project.csproj", "{A04D2349-D6CA-4768-B8DA-09AB4689210B}"
EndProject
Global
	GlobalSection(SolutionConfigurationPlatforms) = preSolution
		Debug|Any CPU = Debug|Any CPU
		Release|Any CPU = Release|Any CPU
	EndGlobalSection
	GlobalSection(ProjectConfigurationPlatforms) = postSolution
		{A04D2349-D6CA-4768-B8DA-09AB4689210B}.Debug|Any CPU.ActiveCfg = Debug|Any CPU
		{A04D2349-D6CA-4768-B8DA-09AB4689210B}.Debug|Any CPU.Build.0 = Debug|Any CPU
		{A04D2349-D6CA-4768-B8DA-09AB4689210B}.Release|Any CPU.ActiveCfg = Release|Any CPU
		{A04D2349-D6CA-4768-B8DA-09AB4689210B}.Release|Any CPU.Build.0 = Release|Any CPU
	EndGlobalSection
	GlobalSection(SolutionProperties) = preSolution
		HideSolutionNode = FALSE
	EndGlobalSection
	GlobalSection(ExtensibilityGlobals) = postSolution
		SolutionGuid = {DFCD765D-C338-4C62-A764-ECE44DD736AF}
	EndGlobalSection
EndGlobal
