
Microsoft Visual Studio Solution File, Format Version 12.00
# Visual Studio Version 16
VisualStudioVersion = 16.0.31129.286
MinimumVisualStudioVersion = 10.0.40219.1
Project("{FAE04EC0-301F-11D3-BF4B-00C04F79EFBC}") = "Chapter15ProgramLINQTest", "Chapter15ProgramLINQTest.csproj", "{BEBEBBE5-2883-4A3B-84BC-3653EB90D430}"
EndProject
Global
	GlobalSection(SolutionConfigurationPlatforms) = preSolution
		Debug|Any CPU = Debug|Any CPU
		Release|Any CPU = Release|Any CPU
	EndGlobalSection
	GlobalSection(ProjectConfigurationPlatforms) = postSolution
		{BEBEBBE5-2883-4A3B-84BC-3653EB90D430}.Debug|Any CPU.ActiveCfg = Debug|Any CPU
		{BEBEBBE5-2883-4A3B-84BC-3653EB90D430}.Debug|Any CPU.Build.0 = Debug|Any CPU
		{BEBEBBE5-2883-4A3B-84BC-3653EB90D430}.Release|Any CPU.ActiveCfg = Release|Any CPU
		{BEBEBBE5-2883-4A3B-84BC-3653EB90D430}.Release|Any CPU.Build.0 = Release|Any CPU
	EndGlobalSection
	GlobalSection(SolutionProperties) = preSolution
		HideSolutionNode = FALSE
	EndGlobalSection
	GlobalSection(ExtensibilityGlobals) = postSolution
		SolutionGuid = {13F4A468-8990-4CEA-AFD7-5161940B0968}
	EndGlobalSection
EndGlobal
